// !$*UTF8*$!
{
	archiveVersion = 1;
	classes = {
	};
	objectVersion = 51;
	objects = {

/* Begin PBXBuildFile section */
		4006AB4AB868D8664E3868FE /* Pods_flixster.framework in Frameworks */ = {isa = PBXBuildFile; fileRef = C6EF4862B1AB3E119E3E051F /* Pods_flixster.framework */; };
		77C67AF8278C4E71165C19D6 /* Pods_flixster_flixsterUITests.framework in Frameworks */ = {isa = PBXBuildFile; fileRef = 52EDEFECE7D12CCF9EB38B8F /* Pods_flixster_flixsterUITests.framework */; };
		8DDEDDFA29290BA6543721B3 /* Pods_flixsterTests.framework in Frameworks */ = {isa = PBXBuildFile; fileRef = F449446F643D483BBDF12B0C /* Pods_flixsterTests.framework */; };
		D62D8E0925D4DF4F00B94AD2 /* AppDelegate.swift in Sources */ = {isa = PBXBuildFile; fileRef = D62D8E0825D4DF4F00B94AD2 /* AppDelegate.swift */; };
		D62D8E0B25D4DF4F00B94AD2 /* SceneDelegate.swift in Sources */ = {isa = PBXBuildFile; fileRef = D62D8E0A25D4DF4F00B94AD2 /* SceneDelegate.swift */; };
		D62D8E1025D4DF4F00B94AD2 /* Main.storyboard in Resources */ = {isa = PBXBuildFile; fileRef = D62D8E0E25D4DF4F00B94AD2 /* Main.storyboard */; };
		D62D8E1225D4DF5100B94AD2 /* Assets.xcassets in Resources */ = {isa = PBXBuildFile; fileRef = D62D8E1125D4DF5100B94AD2 /* Assets.xcassets */; };
		D62D8E1525D4DF5100B94AD2 /* LaunchScreen.storyboard in Resources */ = {isa = PBXBuildFile; fileRef = D62D8E1325D4DF5100B94AD2 /* LaunchScreen.storyboard */; };
		D62D8E2025D4DF5100B94AD2 /* flixsterTests.swift in Sources */ = {isa = PBXBuildFile; fileRef = D62D8E1F25D4DF5100B94AD2 /* flixsterTests.swift */; };
		D62D8E2B25D4DF5100B94AD2 /* flixsterUITests.swift in Sources */ = {isa = PBXBuildFile; fileRef = D62D8E2A25D4DF5100B94AD2 /* flixsterUITests.swift */; };
		D62D8E3F25D4E10400B94AD2 /* MoviesViewController.swift in Sources */ = {isa = PBXBuildFile; fileRef = D62D8E3E25D4E10400B94AD2 /* MoviesViewController.swift */; };
		D62D8E4425D5874600B94AD2 /* MovieCell.swift in Sources */ = {isa = PBXBuildFile; fileRef = D62D8E4325D5874600B94AD2 /* MovieCell.swift */; };
		D62D8E5425E0441500B94AD2 /* MovieDetailsViewController.swift in Sources */ = {isa = PBXBuildFile; fileRef = D62D8E5325E0441500B94AD2 /* MovieDetailsViewController.swift */; };
		D62D8E5925E0806A00B94AD2 /* MovieGridViewController.swift in Sources */ = {isa = PBXBuildFile; fileRef = D62D8E5825E0806900B94AD2 /* MovieGridViewController.swift */; };
		D62D8E5E25E0861600B94AD2 /* MovieGridCell.swift in Sources */ = {isa = PBXBuildFile; fileRef = D62D8E5D25E0861600B94AD2 /* MovieGridCell.swift */; };
/* End PBXBuildFile section */

/* Begin PBXContainerItemProxy section */
		D62D8E1C25D4DF5100B94AD2 /* PBXContainerItemProxy */ = {
			isa = PBXContainerItemProxy;
			containerPortal = D62D8DFD25D4DF4E00B94AD2 /* Project object */;
			proxyType = 1;
			remoteGlobalIDString = D62D8E0425D4DF4E00B94AD2;
			remoteInfo = flixster;
		};
		D62D8E2725D4DF5100B94AD2 /* PBXContainerItemProxy */ = {
			isa = PBXContainerItemProxy;
			containerPortal = D62D8DFD25D4DF4E00B94AD2 /* Project object */;
			proxyType = 1;
			remoteGlobalIDString = D62D8E0425D4DF4E00B94AD2;
			remoteInfo = flixster;
		};
/* End PBXContainerItemProxy section */

/* Begin PBXFileReference section */
		107FED7D4361950A3B4BB2EC /* Pods-flixster.release.xcconfig */ = {isa = PBXFileReference; includeInIndex = 1; lastKnownFileType = text.xcconfig; name = "Pods-flixster.release.xcconfig"; path = "Target Support Files/Pods-flixster/Pods-flixster.release.xcconfig"; sourceTree = "<group>"; };
		483F7305427E9AE211EA76C1 /* Pods-flixster.debug.xcconfig */ = {isa = PBXFileReference; includeInIndex = 1; lastKnownFileType = text.xcconfig; name = "Pods-flixster.debug.xcconfig"; path = "Target Support Files/Pods-flixster/Pods-flixster.debug.xcconfig"; sourceTree = "<group>"; };
		52EDEFECE7D12CCF9EB38B8F /* Pods_flixster_flixsterUITests.framework */ = {isa = PBXFileReference; explicitFileType = wrapper.framework; includeInIndex = 0; path = Pods_flixster_flixsterUITests.framework; sourceTree = BUILT_PRODUCTS_DIR; };
		55354AC6A40F797953370EFD /* Pods-flixster-flixsterUITests.release.xcconfig */ = {isa = PBXFileReference; includeInIndex = 1; lastKnownFileType = text.xcconfig; name = "Pods-flixster-flixsterUITests.release.xcconfig"; path = "Target Support Files/Pods-flixster-flixsterUITests/Pods-flixster-flixsterUITests.release.xcconfig"; sourceTree = "<group>"; };
		706A710EDB5575EC95434883 /* Pods-flixsterTests.release.xcconfig */ = {isa = PBXFileReference; includeInIndex = 1; lastKnownFileType = text.xcconfig; name = "Pods-flixsterTests.release.xcconfig"; path = "Target Support Files/Pods-flixsterTests/Pods-flixsterTests.release.xcconfig"; sourceTree = "<group>"; };
		A3220A8375E1BA53EAF0B7AC /* Pods-flixsterTests.debug.xcconfig */ = {isa = PBXFileReference; includeInIndex = 1; lastKnownFileType = text.xcconfig; name = "Pods-flixsterTests.debug.xcconfig"; path = "Target Support Files/Pods-flixsterTests/Pods-flixsterTests.debug.xcconfig"; sourceTree = "<group>"; };
		A98B10434464C72B4C4CDC43 /* Pods-flixster-flixsterUITests.debug.xcconfig */ = {isa = PBXFileReference; includeInIndex = 1; lastKnownFileType = text.xcconfig; name = "Pods-flixster-flixsterUITests.debug.xcconfig"; path = "Target Support Files/Pods-flixster-flixsterUITests/Pods-flixster-flixsterUITests.debug.xcconfig"; sourceTree = "<group>"; };
		C6EF4862B1AB3E119E3E051F /* Pods_flixster.framework */ = {isa = PBXFileReference; explicitFileType = wrapper.framework; includeInIndex = 0; path = Pods_flixster.framework; sourceTree = BUILT_PRODUCTS_DIR; };
		D62D8E0525D4DF4F00B94AD2 /* flixster.app */ = {isa = PBXFileReference; explicitFileType = wrapper.application; includeInIndex = 0; path = flixster.app; sourceTree = BUILT_PRODUCTS_DIR; };
		D62D8E0825D4DF4F00B94AD2 /* AppDelegate.swift */ = {isa = PBXFileReference; lastKnownFileType = sourcecode.swift; path = AppDelegate.swift; sourceTree = "<group>"; };
		D62D8E0A25D4DF4F00B94AD2 /* SceneDelegate.swift */ = {isa = PBXFileReference; lastKnownFileType = sourcecode.swift; path = SceneDelegate.swift; sourceTree = "<group>"; };
		D62D8E0F25D4DF4F00B94AD2 /* Base */ = {isa = PBXFileReference; lastKnownFileType = file.storyboard; name = Base; path = Base.lproj/Main.storyboard; sourceTree = "<group>"; };
		D62D8E1125D4DF5100B94AD2 /* Assets.xcassets */ = {isa = PBXFileReference; lastKnownFileType = folder.assetcatalog; path = Assets.xcassets; sourceTree = "<group>"; };
		D62D8E1425D4DF5100B94AD2 /* Base */ = {isa = PBXFileReference; lastKnownFileType = file.storyboard; name = Base; path = Base.lproj/LaunchScreen.storyboard; sourceTree = "<group>"; };
		D62D8E1625D4DF5100B94AD2 /* Info.plist */ = {isa = PBXFileReference; lastKnownFileType = text.plist.xml; path = Info.plist; sourceTree = "<group>"; };
		D62D8E1B25D4DF5100B94AD2 /* flixsterTests.xctest */ = {isa = PBXFileReference; explicitFileType = wrapper.cfbundle; includeInIndex = 0; path = flixsterTests.xctest; sourceTree = BUILT_PRODUCTS_DIR; };
		D62D8E1F25D4DF5100B94AD2 /* flixsterTests.swift */ = {isa = PBXFileReference; lastKnownFileType = sourcecode.swift; path = flixsterTests.swift; sourceTree = "<group>"; };
		D62D8E2125D4DF5100B94AD2 /* Info.plist */ = {isa = PBXFileReference; lastKnownFileType = text.plist.xml; path = Info.plist; sourceTree = "<group>"; };
		D62D8E2625D4DF5100B94AD2 /* flixsterUITests.xctest */ = {isa = PBXFileReference; explicitFileType = wrapper.cfbundle; includeInIndex = 0; path = flixsterUITests.xctest; sourceTree = BUILT_PRODUCTS_DIR; };
		D62D8E2A25D4DF5100B94AD2 /* flixsterUITests.swift */ = {isa = PBXFileReference; lastKnownFileType = sourcecode.swift; path = flixsterUITests.swift; sourceTree = "<group>"; };
		D62D8E2C25D4DF5100B94AD2 /* Info.plist */ = {isa = PBXFileReference; lastKnownFileType = text.plist.xml; path = Info.plist; sourceTree = "<group>"; };
		D62D8E3E25D4E10400B94AD2 /* MoviesViewController.swift */ = {isa = PBXFileReference; lastKnownFileType = sourcecode.swift; path = MoviesViewController.swift; sourceTree = "<group>"; };
		D62D8E4325D5874600B94AD2 /* MovieCell.swift */ = {isa = PBXFileReference; lastKnownFileType = sourcecode.swift; path = MovieCell.swift; sourceTree = "<group>"; };
		D62D8E5325E0441500B94AD2 /* MovieDetailsViewController.swift */ = {isa = PBXFileReference; lastKnownFileType = sourcecode.swift; path = MovieDetailsViewController.swift; sourceTree = "<group>"; };
		D62D8E5825E0806900B94AD2 /* MovieGridViewController.swift */ = {isa = PBXFileReference; lastKnownFileType = sourcecode.swift; path = MovieGridViewController.swift; sourceTree = "<group>"; };
		D62D8E5D25E0861600B94AD2 /* MovieGridCell.swift */ = {isa = PBXFileReference; lastKnownFileType = sourcecode.swift; path = MovieGridCell.swift; sourceTree = "<group>"; };
		F449446F643D483BBDF12B0C /* Pods_flixsterTests.framework */ = {isa = PBXFileReference; explicitFileType = wrapper.framework; includeInIndex = 0; path = Pods_flixsterTests.framework; sourceTree = BUILT_PRODUCTS_DIR; };
/* End PBXFileReference section */

/* Begin PBXFrameworksBuildPhase section */
		D62D8E0225D4DF4E00B94AD2 /* Frameworks */ = {
			isa = PBXFrameworksBuildPhase;
			buildActionMask = 2147483647;
			files = (
				4006AB4AB868D8664E3868FE /* Pods_flixster.framework in Frameworks */,
			);
			runOnlyForDeploymentPostprocessing = 0;
		};
		D62D8E1825D4DF5100B94AD2 /* Frameworks */ = {
			isa = PBXFrameworksBuildPhase;
			buildActionMask = 2147483647;
			files = (
				8DDEDDFA29290BA6543721B3 /* Pods_flixsterTests.framework in Frameworks */,
			);
			runOnlyForDeploymentPostprocessing = 0;
		};
		D62D8E2325D4DF5100B94AD2 /* Frameworks */ = {
			isa = PBXFrameworksBuildPhase;
			buildActionMask = 2147483647;
			files = (
				77C67AF8278C4E71165C19D6 /* Pods_flixster_flixsterUITests.framework in Frameworks */,
			);
			runOnlyForDeploymentPostprocessing = 0;
		};
/* End PBXFrameworksBuildPhase section */

/* Begin PBXGroup section */
		64BC31D70593B0116E4BE8FB /* Pods */ = {
			isa = PBXGroup;
			children = (
				483F7305427E9AE211EA76C1 /* Pods-flixster.debug.xcconfig */,
				107FED7D4361950A3B4BB2EC /* Pods-flixster.release.xcconfig */,
				A98B10434464C72B4C4CDC43 /* Pods-flixster-flixsterUITests.debug.xcconfig */,
				55354AC6A40F797953370EFD /* Pods-flixster-flixsterUITests.release.xcconfig */,
				A3220A8375E1BA53EAF0B7AC /* Pods-flixsterTests.debug.xcconfig */,
				706A710EDB5575EC95434883 /* Pods-flixsterTests.release.xcconfig */,
			);
			path = Pods;
			sourceTree = "<group>";
		};
		D62D8DFC25D4DF4E00B94AD2 = {
			isa = PBXGroup;
			children = (
				D62D8E0725D4DF4F00B94AD2 /* flixster */,
				D62D8E1E25D4DF5100B94AD2 /* flixsterTests */,
				D62D8E2925D4DF5100B94AD2 /* flixsterUITests */,
				D62D8E0625D4DF4F00B94AD2 /* Products */,
				64BC31D70593B0116E4BE8FB /* Pods */,
				E871803F9153D230F557E958 /* Frameworks */,
			);
			sourceTree = "<group>";
		};
		D62D8E0625D4DF4F00B94AD2 /* Products */ = {
			isa = PBXGroup;
			children = (
				D62D8E0525D4DF4F00B94AD2 /* flixster.app */,
				D62D8E1B25D4DF5100B94AD2 /* flixsterTests.xctest */,
				D62D8E2625D4DF5100B94AD2 /* flixsterUITests.xctest */,
			);
			name = Products;
			sourceTree = "<group>";
		};
		D62D8E0725D4DF4F00B94AD2 /* flixster */ = {
			isa = PBXGroup;
			children = (
				D62D8E0825D4DF4F00B94AD2 /* AppDelegate.swift */,
				D62D8E0A25D4DF4F00B94AD2 /* SceneDelegate.swift */,
				D62D8E0E25D4DF4F00B94AD2 /* Main.storyboard */,
				D62D8E5325E0441500B94AD2 /* MovieDetailsViewController.swift */,
				D62D8E4325D5874600B94AD2 /* MovieCell.swift */,
				D62D8E1125D4DF5100B94AD2 /* Assets.xcassets */,
				D62D8E1325D4DF5100B94AD2 /* LaunchScreen.storyboard */,
				D62D8E1625D4DF5100B94AD2 /* Info.plist */,
				D62D8E3E25D4E10400B94AD2 /* MoviesViewController.swift */,
				D62D8E5825E0806900B94AD2 /* MovieGridViewController.swift */,
				D62D8E5D25E0861600B94AD2 /* MovieGridCell.swift */,
			);
			path = flixster;
			sourceTree = "<group>";
		};
		D62D8E1E25D4DF5100B94AD2 /* flixsterTests */ = {
			isa = PBXGroup;
			children = (
				D62D8E1F25D4DF5100B94AD2 /* flixsterTests.swift */,
				D62D8E2125D4DF5100B94AD2 /* Info.plist */,
			);
			path = flixsterTests;
			sourceTree = "<group>";
		};
		D62D8E2925D4DF5100B94AD2 /* flixsterUITests */ = {
			isa = PBXGroup;
			children = (
				D62D8E2A25D4DF5100B94AD2 /* flixsterUITests.swift */,
				D62D8E2C25D4DF5100B94AD2 /* Info.plist */,
			);
			path = flixsterUITests;
			sourceTree = "<group>";
		};
		E871803F9153D230F557E958 /* Frameworks */ = {
			isa = PBXGroup;
			children = (
				C6EF4862B1AB3E119E3E051F /* Pods_flixster.framework */,
				52EDEFECE7D12CCF9EB38B8F /* Pods_flixster_flixsterUITests.framework */,
				F449446F643D483BBDF12B0C /* Pods_flixsterTests.framework */,
			);
			name = Frameworks;
			sourceTree = "<group>";
		};
/* End PBXGroup section */

/* Begin PBXNativeTarget section */
		D62D8E0425D4DF4E00B94AD2 /* flixster */ = {
			isa = PBXNativeTarget;
			buildConfigurationList = D62D8E2F25D4DF5100B94AD2 /* Build configuration list for PBXNativeTarget "flixster" */;
			buildPhases = (
				2122B3664380317DBC5AFCF9 /* [CP] Check Pods Manifest.lock */,
				D62D8E0125D4DF4E00B94AD2 /* Sources */,
				D62D8E0225D4DF4E00B94AD2 /* Frameworks */,
				D62D8E0325D4DF4E00B94AD2 /* Resources */,
				14F1AF8577C49219A6C23DFE /* [CP] Embed Pods Frameworks */,
			);
			buildRules = (
			);
			dependencies = (
			);
			name = flixster;
			productName = flixster;
			productReference = D62D8E0525D4DF4F00B94AD2 /* flixster.app */;
			productType = "com.apple.product-type.application";
		};
		D62D8E1A25D4DF5100B94AD2 /* flixsterTests */ = {
			isa = PBXNativeTarget;
			buildConfigurationList = D62D8E3225D4DF5100B94AD2 /* Build configuration list for PBXNativeTarget "flixsterTests" */;
			buildPhases = (
				1DA1858823931BB423A2F5AD /* [CP] Check Pods Manifest.lock */,
				D62D8E1725D4DF5100B94AD2 /* Sources */,
				D62D8E1825D4DF5100B94AD2 /* Frameworks */,
				D62D8E1925D4DF5100B94AD2 /* Resources */,
			);
			buildRules = (
			);
			dependencies = (
				D62D8E1D25D4DF5100B94AD2 /* PBXTargetDependency */,
			);
			name = flixsterTests;
			productName = flixsterTests;
			productReference = D62D8E1B25D4DF5100B94AD2 /* flixsterTests.xctest */;
			productType = "com.apple.product-type.bundle.unit-test";
		};
		D62D8E2525D4DF5100B94AD2 /* flixsterUITests */ = {
			isa = PBXNativeTarget;
			buildConfigurationList = D62D8E3525D4DF5100B94AD2 /* Build configuration list for PBXNativeTarget "flixsterUITests" */;
			buildPhases = (
				7C75AC7466BDB61AD853883F /* [CP] Check Pods Manifest.lock */,
				D62D8E2225D4DF5100B94AD2 /* Sources */,
				D62D8E2325D4DF5100B94AD2 /* Frameworks */,
				D62D8E2425D4DF5100B94AD2 /* Resources */,
				02A3F4618171CCEFDDB03EB5 /* [CP] Embed Pods Frameworks */,
			);
			buildRules = (
			);
			dependencies = (
				D62D8E2825D4DF5100B94AD2 /* PBXTargetDependency */,
			);
			name = flixsterUITests;
			productName = flixsterUITests;
			productReference = D62D8E2625D4DF5100B94AD2 /* flixsterUITests.xctest */;
			productType = "com.apple.product-type.bundle.ui-testing";
		};
/* End PBXNativeTarget section */

/* Begin PBXProject section */
		D62D8DFD25D4DF4E00B94AD2 /* Project object */ = {
			isa = PBXProject;
			attributes = {
				LastSwiftUpdateCheck = 1230;
				LastUpgradeCheck = 1230;
				TargetAttributes = {
					D62D8E0425D4DF4E00B94AD2 = {
						CreatedOnToolsVersion = 12.3;
					};
					D62D8E1A25D4DF5100B94AD2 = {
						CreatedOnToolsVersion = 12.3;
						TestTargetID = D62D8E0425D4DF4E00B94AD2;
					};
					D62D8E2525D4DF5100B94AD2 = {
						CreatedOnToolsVersion = 12.3;
						TestTargetID = D62D8E0425D4DF4E00B94AD2;
					};
				};
			};
			buildConfigurationList = D62D8E0025D4DF4E00B94AD2 /* Build configuration list for PBXProject "flixster" */;
			compatibilityVersion = "Xcode 9.3";
			developmentRegion = en;
			hasScannedForEncodings = 0;
			knownRegions = (
				en,
				Base,
			);
			mainGroup = D62D8DFC25D4DF4E00B94AD2;
			productRefGroup = D62D8E0625D4DF4F00B94AD2 /* Products */;
			projectDirPath = "";
			projectRoot = "";
			targets = (
				D62D8E0425D4DF4E00B94AD2 /* flixster */,
				D62D8E1A25D4DF5100B94AD2 /* flixsterTests */,
				D62D8E2525D4DF5100B94AD2 /* flixsterUITests */,
			);
		};
/* End PBXProject section */

/* Begin PBXResourcesBuildPhase section */
		D62D8E0325D4DF4E00B94AD2 /* Resources */ = {
			isa = PBXResourcesBuildPhase;
			buildActionMask = 2147483647;
			files = (
				D62D8E1525D4DF5100B94AD2 /* LaunchScreen.storyboard in Resources */,
				D62D8E1225D4DF5100B94AD2 /* Assets.xcassets in Resources */,
				D62D8E1025D4DF4F00B94AD2 /* Main.storyboard in Resources */,
			);
			runOnlyForDeploymentPostprocessing = 0;
		};
		D62D8E1925D4DF5100B94AD2 /* Resources */ = {
			isa = PBXResourcesBuildPhase;
			buildActionMask = 2147483647;
			files = (
			);
			runOnlyForDeploymentPostprocessing = 0;
		};
		D62D8E2425D4DF5100B94AD2 /* Resources */ = {
			isa = PBXResourcesBuildPhase;
			buildActionMask = 2147483647;
			files = (
			);
			runOnlyForDeploymentPostprocessing = 0;
		};
/* End PBXResourcesBuildPhase section */

/* Begin PBXShellScriptBuildPhase section */
		02A3F4618171CCEFDDB03EB5 /* [CP] Embed Pods Frameworks */ = {
			isa = PBXShellScriptBuildPhase;
			buildActionMask = 2147483647;
			files = (
			);
			inputFileListPaths = (
				"${PODS_ROOT}/Target Support Files/Pods-flixster-flixsterUITests/Pods-flixster-flixsterUITests-frameworks-${CONFIGURATION}-input-files.xcfilelist",
			);
			name = "[CP] Embed Pods Frameworks";
			outputFileListPaths = (
				"${PODS_ROOT}/Target Support Files/Pods-flixster-flixsterUITests/Pods-flixster-flixsterUITests-frameworks-${CONFIGURATION}-output-files.xcfilelist",
			);
			runOnlyForDeploymentPostprocessing = 0;
			shellPath = /bin/sh;
			shellScript = "\"${PODS_ROOT}/Target Support Files/Pods-flixster-flixsterUITests/Pods-flixster-flixsterUITests-frameworks.sh\"\n";
			showEnvVarsInLog = 0;
		};
		14F1AF8577C49219A6C23DFE /* [CP] Embed Pods Frameworks */ = {
			isa = PBXShellScriptBuildPhase;
			buildActionMask = 2147483647;
			files = (
			);
			inputFileListPaths = (
				"${PODS_ROOT}/Target Support Files/Pods-flixster/Pods-flixster-frameworks-${CONFIGURATION}-input-files.xcfilelist",
			);
			name = "[CP] Embed Pods Frameworks";
			outputFileListPaths = (
				"${PODS_ROOT}/Target Support Files/Pods-flixster/Pods-flixster-frameworks-${CONFIGURATION}-output-files.xcfilelist",
			);
			runOnlyForDeploymentPostprocessing = 0;
			shellPath = /bin/sh;
			shellScript = "\"${PODS_ROOT}/Target Support Files/Pods-flixster/Pods-flixster-frameworks.sh\"\n";
			showEnvVarsInLog = 0;
		};
		1DA1858823931BB423A2F5AD /* [CP] Check Pods Manifest.lock */ = {
			isa = PBXShellScriptBuildPhase;
			buildActionMask = 2147483647;
			files = (
			);
			inputFileListPaths = (
			);
			inputPaths = (
				"${PODS_PODFILE_DIR_PATH}/Podfile.lock",
				"${PODS_ROOT}/Manifest.lock",
			);
			name = "[CP] Check Pods Manifest.lock";
			outputFileListPaths = (
			);
			outputPaths = (
				"$(DERIVED_FILE_DIR)/Pods-flixsterTests-checkManifestLockResult.txt",
			);
			runOnlyForDeploymentPostprocessing = 0;
			shellPath = /bin/sh;
			shellScript = "diff \"${PODS_PODFILE_DIR_PATH}/Podfile.lock\" \"${PODS_ROOT}/Manifest.lock\" > /dev/null\nif [ $? != 0 ] ; then\n    # print error to STDERR\n    echo \"error: The sandbox is not in sync with the Podfile.lock. Run 'pod install' or update your CocoaPods installation.\" >&2\n    exit 1\nfi\n# This output is used by Xcode 'outputs' to avoid re-running this script phase.\necho \"SUCCESS\" > \"${SCRIPT_OUTPUT_FILE_0}\"\n";
			showEnvVarsInLog = 0;
		};
		2122B3664380317DBC5AFCF9 /* [CP] Check Pods Manifest.lock */ = {
			isa = PBXShellScriptBuildPhase;
			buildActionMask = 2147483647;
			files = (
			);
			inputFileListPaths = (
			);
			inputPaths = (
				"${PODS_PODFILE_DIR_PATH}/Podfile.lock",
				"${PODS_ROOT}/Manifest.lock",
			);
			name = "[CP] Check Pods Manifest.lock";
			outputFileListPaths = (
			);
			outputPaths = (
				"$(DERIVED_FILE_DIR)/Pods-flixster-checkManifestLockResult.txt",
			);
			runOnlyForDeploymentPostprocessing = 0;
			shellPath = /bin/sh;
			shellScript = "diff \"${PODS_PODFILE_DIR_PATH}/Podfile.lock\" \"${PODS_ROOT}/Manifest.lock\" > /dev/null\nif [ $? != 0 ] ; then\n    # print error to STDERR\n    echo \"error: The sandbox is not in sync with the Podfile.lock. Run 'pod install' or update your CocoaPods installation.\" >&2\n    exit 1\nfi\n# This output is used by Xcode 'outputs' to avoid re-running this script phase.\necho \"SUCCESS\" > \"${SCRIPT_OUTPUT_FILE_0}\"\n";
			showEnvVarsInLog = 0;
		};
		7C75AC7466BDB61AD853883F /* [CP] Check Pods Manifest.lock */ = {
			isa = PBXShellScriptBuildPhase;
			buildActionMask = 2147483647;
			files = (
			);
			inputFileListPaths = (
			);
			inputPaths = (
				"${PODS_PODFILE_DIR_PATH}/Podfile.lock",
				"${PODS_ROOT}/Manifest.lock",
			);
			name = "[CP] Check Pods Manifest.lock";
			outputFileListPaths = (
			);
			outputPaths = (
				"$(DERIVED_FILE_DIR)/Pods-flixster-flixsterUITests-checkManifestLockResult.txt",
			);
			runOnlyForDeploymentPostprocessing = 0;
			shellPath = /bin/sh;
			shellScript = "diff \"${PODS_PODFILE_DIR_PATH}/Podfile.lock\" \"${PODS_ROOT}/Manifest.lock\" > /dev/null\nif [ $? != 0 ] ; then\n    # print error to STDERR\n    echo \"error: The sandbox is not in sync with the Podfile.lock. Run 'pod install' or update your CocoaPods installation.\" >&2\n    exit 1\nfi\n# This output is used by Xcode 'outputs' to avoid re-running this script phase.\necho \"SUCCESS\" > \"${SCRIPT_OUTPUT_FILE_0}\"\n";
			showEnvVarsInLog = 0;
		};
/* End PBXShellScriptBuildPhase section */

/* Begin PBXSourcesBuildPhase section */
		D62D8E0125D4DF4E00B94AD2 /* Sources */ = {
			isa = PBXSourcesBuildPhase;
			buildActionMask = 2147483647;
			files = (
				D62D8E5425E0441500B94AD2 /* MovieDetailsViewController.swift in Sources */,
				D62D8E0925D4DF4F00B94AD2 /* AppDelegate.swift in Sources */,
				D62D8E0B25D4DF4F00B94AD2 /* SceneDelegate.swift in Sources */,
				D62D8E4425D5874600B94AD2 /* MovieCell.swift in Sources */,
				D62D8E3F25D4E10400B94AD2 /* MoviesViewController.swift in Sources */,
				D62D8E5925E0806A00B94AD2 /* MovieGridViewController.swift in Sources */,
				D62D8E5E25E0861600B94AD2 /* MovieGridCell.swift in Sources */,
			);
			runOnlyForDeploymentPostprocessing = 0;
		};
		D62D8E1725D4DF5100B94AD2 /* Sources */ = {
			isa = PBXSourcesBuildPhase;
			buildActionMask = 2147483647;
			files = (
				D62D8E2025D4DF5100B94AD2 /* flixsterTests.swift in Sources */,
			);
			runOnlyForDeploymentPostprocessing = 0;
		};
		D62D8E2225D4DF5100B94AD2 /* Sources */ = {
			isa = PBXSourcesBuildPhase;
			buildActionMask = 2147483647;
			files = (
				D62D8E2B25D4DF5100B94AD2 /* flixsterUITests.swift in Sources */,
			);
			runOnlyForDeploymentPostprocessing = 0;
		};
/* End PBXSourcesBuildPhase section */

/* Begin PBXTargetDependency section */
		D62D8E1D25D4DF5100B94AD2 /* PBXTargetDependency */ = {
			isa = PBXTargetDependency;
			target = D62D8E0425D4DF4E00B94AD2 /* flixster */;
			targetProxy = D62D8E1C25D4DF5100B94AD2 /* PBXContainerItemProxy */;
		};
		D62D8E2825D4DF5100B94AD2 /* PBXTargetDependency */ = {
			isa = PBXTargetDependency;
			target = D62D8E0425D4DF4E00B94AD2 /* flixster */;
			targetProxy = D62D8E2725D4DF5100B94AD2 /* PBXContainerItemProxy */;
		};
/* End PBXTargetDependency section */

/* Begin PBXVariantGroup section */
		D62D8E0E25D4DF4F00B94AD2 /* Main.storyboard */ = {
			isa = PBXVariantGroup;
			children = (
				D62D8E0F25D4DF4F00B94AD2 /* Base */,
			);
			name = Main.storyboard;
			sourceTree = "<group>";
		};
		D62D8E1325D4DF5100B94AD2 /* LaunchScreen.storyboard */ = {
			isa = PBXVariantGroup;
			children = (
				D62D8E1425D4DF5100B94AD2 /* Base */,
			);
			name = LaunchScreen.storyboard;
			sourceTree = "<group>";
		};
/* End PBXVariantGroup section */

/* Begin XCBuildConfiguration section */
		D62D8E2D25D4DF5100B94AD2 /* Debug */ = {
			isa = XCBuildConfiguration;
			buildSettings = {
				ALWAYS_SEARCH_USER_PATHS = NO;
				CLANG_ANALYZER_NONNULL = YES;
				CLANG_ANALYZER_NUMBER_OBJECT_CONVERSION = YES_AGGRESSIVE;
				CLANG_CXX_LANGUAGE_STANDARD = "gnu++14";
				CLANG_CXX_LIBRARY = "libc++";
				CLANG_ENABLE_MODULES = YES;
				CLANG_ENABLE_OBJC_ARC = YES;
				CLANG_ENABLE_OBJC_WEAK = YES;
				CLANG_WARN_BLOCK_CAPTURE_AUTORELEASING = YES;
				CLANG_WARN_BOOL_CONVERSION = YES;
				CLANG_WARN_COMMA = YES;
				CLANG_WARN_CONSTANT_CONVERSION = YES;
				CLANG_WARN_DEPRECATED_OBJC_IMPLEMENTATIONS = YES;
				CLANG_WARN_DIRECT_OBJC_ISA_USAGE = YES_ERROR;
				CLANG_WARN_DOCUMENTATION_COMMENTS = YES;
				CLANG_WARN_EMPTY_BODY = YES;
				CLANG_WARN_ENUM_CONVERSION = YES;
				CLANG_WARN_INFINITE_RECURSION = YES;
				CLANG_WARN_INT_CONVERSION = YES;
				CLANG_WARN_NON_LITERAL_NULL_CONVERSION = YES;
				CLANG_WARN_OBJC_IMPLICIT_RETAIN_SELF = YES;
				CLANG_WARN_OBJC_LITERAL_CONVERSION = YES;
				CLANG_WARN_OBJC_ROOT_CLASS = YES_ERROR;
				CLANG_WARN_QUOTED_INCLUDE_IN_FRAMEWORK_HEADER = YES;
				CLANG_WARN_RANGE_LOOP_ANALYSIS = YES;
				CLANG_WARN_STRICT_PROTOTYPES = YES;
				CLANG_WARN_SUSPICIOUS_MOVE = YES;
				CLANG_WARN_UNGUARDED_AVAILABILITY = YES_AGGRESSIVE;
				CLANG_WARN_UNREACHABLE_CODE = YES;
				CLANG_WARN__DUPLICATE_METHOD_MATCH = YES;
				COPY_PHASE_STRIP = NO;
				DEBUG_INFORMATION_FORMAT = dwarf;
				ENABLE_STRICT_OBJC_MSGSEND = YES;
				ENABLE_TESTABILITY = YES;
				GCC_C_LANGUAGE_STANDARD = gnu11;
				GCC_DYNAMIC_NO_PIC = NO;
				GCC_NO_COMMON_BLOCKS = YES;
				GCC_OPTIMIZATION_LEVEL = 0;
				GCC_PREPROCESSOR_DEFINITIONS = (
					"DEBUG=1",
					"$(inherited)",
				);
				GCC_WARN_64_TO_32_BIT_CONVERSION = YES;
				GCC_WARN_ABOUT_RETURN_TYPE = YES_ERROR;
				GCC_WARN_UNDECLARED_SELECTOR = YES;
				GCC_WARN_UNINITIALIZED_AUTOS = YES_AGGRESSIVE;
				GCC_WARN_UNUSED_FUNCTION = YES;
				GCC_WARN_UNUSED_VARIABLE = YES;
				IPHONEOS_DEPLOYMENT_TARGET = 14.3;
				MTL_ENABLE_DEBUG_INFO = INCLUDE_SOURCE;
				MTL_FAST_MATH = YES;
				ONLY_ACTIVE_ARCH = YES;
				SDKROOT = iphoneos;
				SWIFT_ACTIVE_COMPILATION_CONDITIONS = DEBUG;
				SWIFT_OPTIMIZATION_LEVEL = "-Onone";
			};
			name = Debug;
		};
		D62D8E2E25D4DF5100B94AD2 /* Release */ = {
			isa = XCBuildConfiguration;
			buildSettings = {
				ALWAYS_SEARCH_USER_PATHS = NO;
				CLANG_ANALYZER_NONNULL = YES;
				CLANG_ANALYZER_NUMBER_OBJECT_CONVERSION = YES_AGGRESSIVE;
				CLANG_CXX_LANGUAGE_STANDARD = "gnu++14";
				CLANG_CXX_LIBRARY = "libc++";
				CLANG_ENABLE_MODULES = YES;
				CLANG_ENABLE_OBJC_ARC = YES;
				CLANG_ENABLE_OBJC_WEAK = YES;
				CLANG_WARN_BLOCK_CAPTURE_AUTORELEASING = YES;
				CLANG_WARN_BOOL_CONVERSION = YES;
				CLANG_WARN_COMMA = YES;
				CLANG_WARN_CONSTANT_CONVERSION = YES;
				CLANG_WARN_DEPRECATED_OBJC_IMPLEMENTATIONS = YES;
				CLANG_WARN_DIRECT_OBJC_ISA_USAGE = YES_ERROR;
				CLANG_WARN_DOCUMENTATION_COMMENTS = YES;
				CLANG_WARN_EMPTY_BODY = YES;
				CLANG_WARN_ENUM_CONVERSION = YES;
				CLANG_WARN_INFINITE_RECURSION = YES;
				CLANG_WARN_INT_CONVERSION = YES;
				CLANG_WARN_NON_LITERAL_NULL_CONVERSION = YES;
				CLANG_WARN_OBJC_IMPLICIT_RETAIN_SELF = YES;
				CLANG_WARN_OBJC_LITERAL_CONVERSION = YES;
				CLANG_WARN_OBJC_ROOT_CLASS = YES_ERROR;
				CLANG_WARN_QUOTED_INCLUDE_IN_FRAMEWORK_HEADER = YES;
				CLANG_WARN_RANGE_LOOP_ANALYSIS = YES;
				CLANG_WARN_STRICT_PROTOTYPES = YES;
				CLANG_WARN_SUSPICIOUS_MOVE = YES;
				CLANG_WARN_UNGUARDED_AVAILABILITY = YES_AGGRESSIVE;
				CLANG_WARN_UNREACHABLE_CODE = YES;
				CLANG_WARN__DUPLICATE_METHOD_MATCH = YES;
				COPY_PHASE_STRIP = NO;
				DEBUG_INFORMATION_FORMAT = "dwarf-with-dsym";
				ENABLE_NS_ASSERTIONS = NO;
				ENABLE_STRICT_OBJC_MSGSEND = YES;
				GCC_C_LANGUAGE_STANDARD = gnu11;
				GCC_NO_COMMON_BLOCKS = YES;
				GCC_WARN_64_TO_32_BIT_CONVERSION = YES;
				GCC_WARN_ABOUT_RETURN_TYPE = YES_ERROR;
				GCC_WARN_UNDECLARED_SELECTOR = YES;
				GCC_WARN_UNINITIALIZED_AUTOS = YES_AGGRESSIVE;
				GCC_WARN_UNUSED_FUNCTION = YES;
				GCC_WARN_UNUSED_VARIABLE = YES;
				IPHONEOS_DEPLOYMENT_TARGET = 14.3;
				MTL_ENABLE_DEBUG_INFO = NO;
				MTL_FAST_MATH = YES;
				SDKROOT = iphoneos;
				SWIFT_COMPILATION_MODE = wholemodule;
				SWIFT_OPTIMIZATION_LEVEL = "-O";
				VALIDATE_PRODUCT = YES;
			};
			name = Release;
		};
		D62D8E3025D4DF5100B94AD2 /* Debug */ = {
			isa = XCBuildConfiguration;
			baseConfigurationReference = 483F7305427E9AE211EA76C1 /* Pods-flixster.debug.xcconfig */;
			buildSettings = {
				ASSETCATALOG_COMPILER_APPICON_NAME = AppIcon;
				ASSETCATALOG_COMPILER_GLOBAL_ACCENT_COLOR_NAME = AccentColor;
				CODE_SIGN_STYLE = Automatic;
				INFOPLIST_FILE = flixster/Info.plist;
				LD_RUNPATH_SEARCH_PATHS = (
					"$(inherited)",
					"@executable_path/Frameworks",
				);
				PRODUCT_BUNDLE_IDENTIFIER = klau.flixster;
				PRODUCT_NAME = "$(TARGET_NAME)";
				SWIFT_VERSION = 5.0;
				TARGETED_DEVICE_FAMILY = "1,2";
			};
			name = Debug;
		};
		D62D8E3125D4DF5100B94AD2 /* Release */ = {
			isa = XCBuildConfiguration;
			baseConfigurationReference = 107FED7D4361950A3B4BB2EC /* Pods-flixster.release.xcconfig */;
			buildSettings = {
				ASSETCATALOG_COMPILER_APPICON_NAME = AppIcon;
				ASSETCATALOG_COMPILER_GLOBAL_ACCENT_COLOR_NAME = AccentColor;
				CODE_SIGN_STYLE = Automatic;
				INFOPLIST_FILE = flixster/Info.plist;
				LD_RUNPATH_SEARCH_PATHS = (
					"$(inherited)",
					"@executable_path/Frameworks",
				);
				PRODUCT_BUNDLE_IDENTIFIER = klau.flixster;
				PRODUCT_NAME = "$(TARGET_NAME)";
				SWIFT_VERSION = 5.0;
				TARGETED_DEVICE_FAMILY = "1,2";
			};
			name = Release;
		};
		D62D8E3325D4DF5100B94AD2 /* Debug */ = {
			isa = XCBuildConfiguration;
			baseConfigurationReference = A3220A8375E1BA53EAF0B7AC /* Pods-flixsterTests.debug.xcconfig */;
			buildSettings = {
				ALWAYS_EMBED_SWIFT_STANDARD_LIBRARIES = YES;
				BUNDLE_LOADER = "$(TEST_HOST)";
				CODE_SIGN_STYLE = Automatic;
				INFOPLIST_FILE = flixsterTests/Info.plist;
				IPHONEOS_DEPLOYMENT_TARGET = 14.3;
				LD_RUNPATH_SEARCH_PATHS = (
					"$(inherited)",
					"@executable_path/Frameworks",
					"@loader_path/Frameworks",
				);
				PRODUCT_BUNDLE_IDENTIFIER = klau.flixsterTests;
				PRODUCT_NAME = "$(TARGET_NAME)";
				SWIFT_VERSION = 5.0;
				TARGETED_DEVICE_FAMILY = "1,2";
				TEST_HOST = "$(BUILT_PRODUCTS_DIR)/flixster.app/flixster";
			};
			name = Debug;
		};
		D62D8E3425D4DF5100B94AD2 /* Release */ = {
			isa = XCBuildConfiguration;
			baseConfigurationReference = 706A710EDB5575EC95434883 /* Pods-flixsterTests.release.xcconfig */;
			buildSettings = {
				ALWAYS_EMBED_SWIFT_STANDARD_LIBRARIES = YES;
				BUNDLE_LOADER = "$(TEST_HOST)";
				CODE_SIGN_STYLE = Automatic;
				INFOPLIST_FILE = flixsterTests/Info.plist;
				IPHONEOS_DEPLOYMENT_TARGET = 14.3;
				LD_RUNPATH_SEARCH_PATHS = (
					"$(inherited)",
					"@executable_path/Frameworks",
					"@loader_path/Frameworks",
				);
				PRODUCT_BUNDLE_IDENTIFIER = klau.flixsterTests;
				PRODUCT_NAME = "$(TARGET_NAME)";
				SWIFT_VERSION = 5.0;
				TARGETED_DEVICE_FAMILY = "1,2";
				TEST_HOST = "$(BUILT_PRODUCTS_DIR)/flixster.app/flixster";
			};
			name = Release;
		};
		D62D8E3625D4DF5100B94AD2 /* Debug */ = {
			isa = XCBuildConfiguration;
			baseConfigurationReference = A98B10434464C72B4C4CDC43 /* Pods-flixster-flixsterUITests.debug.xcconfig */;
			buildSettings = {
				ALWAYS_EMBED_SWIFT_STANDARD_LIBRARIES = YES;
				CODE_SIGN_STYLE = Automatic;
				INFOPLIST_FILE = flixsterUITests/Info.plist;
				LD_RUNPATH_SEARCH_PATHS = (
					"$(inherited)",
					"@executable_path/Frameworks",
					"@loader_path/Frameworks",
				);
				PRODUCT_BUNDLE_IDENTIFIER = klau.flixsterUITests;
				PRODUCT_NAME = "$(TARGET_NAME)";
				SWIFT_VERSION = 5.0;
				TARGETED_DEVICE_FAMILY = "1,2";
				TEST_TARGET_NAME = flixster;
			};
			name = Debug;
		};
		D62D8E3725D4DF5100B94AD2 /* Release */ = {
			isa = XCBuildConfiguration;
			baseConfigurationReference = 55354AC6A40F797953370EFD /* Pods-flixster-flixsterUITests.release.xcconfig */;
			buildSettings = {
				ALWAYS_EMBED_SWIFT_STANDARD_LIBRARIES = YES;
				CODE_SIGN_STYLE = Automatic;
				INFOPLIST_FILE = flixsterUITests/Info.plist;
				LD_RUNPATH_SEARCH_PATHS = (
					"$(inherited)",
					"@executable_path/Frameworks",
					"@loader_path/Frameworks",
				);
				PRODUCT_BUNDLE_IDENTIFIER = klau.flixsterUITests;
				PRODUCT_NAME = "$(TARGET_NAME)";
				SWIFT_VERSION = 5.0;
				TARGETED_DEVICE_FAMILY = "1,2";
				TEST_TARGET_NAME = flixster;
			};
			name = Release;
		};
/* End XCBuildConfiguration section */

/* Begin XCConfigurationList section */
		D62D8E0025D4DF4E00B94AD2 /* Build configuration list for PBXProject "flixster" */ = {
			isa = XCConfigurationList;
			buildConfigurations = (
				D62D8E2D25D4DF5100B94AD2 /* Debug */,
				D62D8E2E25D4DF5100B94AD2 /* Release */,
			);
			defaultConfigurationIsVisible = 0;
			defaultConfigurationName = Release;
		};
		D62D8E2F25D4DF5100B94AD2 /* Build configuration list for PBXNativeTarget "flixster" */ = {
			isa = XCConfigurationList;
			buildConfigurations = (
				D62D8E3025D4DF5100B94AD2 /* Debug */,
				D62D8E3125D4DF5100B94AD2 /* Release */,
			);
			defaultConfigurationIsVisible = 0;
			defaultConfigurationName = Release;
		};
		D62D8E3225D4DF5100B94AD2 /* Build configuration list for PBXNativeTarget "flixsterTests" */ = {
			isa = XCConfigurationList;
			buildConfigurations = (
				D62D8E3325D4DF5100B94AD2 /* Debug */,
				D62D8E3425D4DF5100B94AD2 /* Release */,
			);
			defaultConfigurationIsVisible = 0;
			defaultConfigurationName = Release;
		};
		D62D8E3525D4DF5100B94AD2 /* Build configuration list for PBXNativeTarget "flixsterUITests" */ = {
			isa = XCConfigurationList;
			buildConfigurations = (
				D62D8E3625D4DF5100B94AD2 /* Debug */,
				D62D8E3725D4DF5100B94AD2 /* Release */,
			);
			defaultConfigurationIsVisible = 0;
			defaultConfigurationName = Release;
		};
/* End XCConfigurationList section */
	};
	rootObject = D62D8DFD25D4DF4E00B94AD2 /* Project object */;
}
